
Microsoft Visual Studio Solution File, Format Version 12.00
# Visual Studio 15
VisualStudioVersion = 15.0.27703.2018
MinimumVisualStudioVersion = 10.0.40219.1
Project("{FAE04EC0-301F-11D3-BF4B-00C04F79EFBC}") = "ISIC_Concole_Downloader", "ISIC_Concole_Downloader\ISIC_Concole_Downloader.csproj", "{A6B5BBA7-D3F6-4733-8E63-FE449CC6C096}"
EndProject
Global
	GlobalSection(SolutionConfigurationPlatforms) = preSolution
		Debug|Any CPU = Debug|Any CPU
		Release|Any CPU = Release|Any CPU
	EndGlobalSection
	GlobalSection(ProjectConfigurationPlatforms) = postSolution
		{A6B5BBA7-D3F6-4733-8E63-FE449CC6C096}.Debug|Any CPU.ActiveCfg = Debug|Any CPU
		{A6B5BBA7-D3F6-4733-8E63-FE449CC6C096}.Debug|Any CPU.Build.0 = Debug|Any CPU
		{A6B5BBA7-D3F6-4733-8E63-FE449CC6C096}.Release|Any CPU.ActiveCfg = Release|Any CPU
		{A6B5BBA7-D3F6-4733-8E63-FE449CC6C096}.Release|Any CPU.Build.0 = Release|Any CPU
	EndGlobalSection
	GlobalSection(SolutionProperties) = preSolution
		HideSolutionNode = FALSE
	EndGlobalSection
	GlobalSection(ExtensibilityGlobals) = postSolution
		SolutionGuid = {9BFC775F-FD33-4FB6-A7FC-088393C2FCA8}
	EndGlobalSection
EndGlobal
